
Microsoft Visual Studio Solution File, Format Version 12.00
# Visual Studio Version 16
VisualStudioVersion = 16.0.30523.141
MinimumVisualStudioVersion = 10.0.40219.1
Project("{FAE04EC0-301F-11D3-BF4B-00C04F79EFBC}") = "WindowsTest", "WindowsTest\WindowsTest.csproj", "{83A0E6EA-B134-4EBC-A1CB-44A2640A5B10}"
EndProject
Global
	GlobalSection(SolutionConfigurationPlatforms) = preSolution
		Debug|Any CPU = Debug|Any CPU
		Release|Any CPU = Release|Any CPU
	EndGlobalSection
	GlobalSection(ProjectConfigurationPlatforms) = postSolution
		{83A0E6EA-B134-4EBC-A1CB-44A2640A5B10}.Debug|Any CPU.ActiveCfg = Debug|Any CPU
		{83A0E6EA-B134-4EBC-A1CB-44A2640A5B10}.Debug|Any CPU.Build.0 = Debug|Any CPU
		{83A0E6EA-B134-4EBC-A1CB-44A2640A5B10}.Release|Any CPU.ActiveCfg = Release|Any CPU
		{83A0E6EA-B134-4EBC-A1CB-44A2640A5B10}.Release|Any CPU.Build.0 = Release|Any CPU
	EndGlobalSection
	GlobalSection(SolutionProperties) = preSolution
		HideSolutionNode = FALSE
	EndGlobalSection
	GlobalSection(ExtensibilityGlobals) = postSolution
		SolutionGuid = {5C6158FA-9D4D-47AC-A2AF-4A303867D76C}
	EndGlobalSection
EndGlobal
